
Microsoft Visual Studio Solution File, Format Version 12.00
# Visual Studio Version 17
VisualStudioVersion = 17.0.31717.71
MinimumVisualStudioVersion = 15.0.26124.0
Project("{9A19103F-16F7-4668-BE54-9A1E7A4F7556}") = "Client", "Client\Client.csproj", "{3EBFBF2E-4000-4A49-92EF-28294FB00B1A}"
EndProject
Project("{9A19103F-16F7-4668-BE54-9A1E7A4F7556}") = "Data", "Data\Data.csproj", "{984B838F-00EC-44D7-B67E-8AF7E5996F61}"
EndProject
Project("{2150E333-8FDC-42A3-9474-1A3956D46DE8}") = "Solution Items", "Solution Items", "{EB8AA99C-C2F2-4185-A0DD-1AD631E81A42}"
	ProjectSection(SolutionItems) = preProject
		.gitignore = .gitignore
		CODE_OF_CONDUCT.md = CODE_OF_CONDUCT.md
		LICENSE = LICENSE
		LICENSE-CODE = LICENSE-CODE
		README.md = README.md
		SECURITY.md = SECURITY.md
	EndProjectSection
EndProject
Project("{9A19103F-16F7-4668-BE54-9A1E7A4F7556}") = "Api", "Api\Api.csproj", "{353C8958-FDBE-4BAC-9AFB-43B4063D8977}"
EndProject
Global
	GlobalSection(SolutionConfigurationPlatforms) = preSolution
		Debug|Any CPU = Debug|Any CPU
		Debug|x64 = Debug|x64
		Debug|x86 = Debug|x86
		Release|Any CPU = Release|Any CPU
		Release|x64 = Release|x64
		Release|x86 = Release|x86
	EndGlobalSection
	GlobalSection(ProjectConfigurationPlatforms) = postSolution
		{3EBFBF2E-4000-4A49-92EF-28294FB00B1A}.Debug|Any CPU.ActiveCfg = Debug|Any CPU
		{3EBFBF2E-4000-4A49-92EF-28294FB00B1A}.Debug|Any CPU.Build.0 = Debug|Any CPU
		{3EBFBF2E-4000-4A49-92EF-28294FB00B1A}.Debug|x64.ActiveCfg = Debug|Any CPU
		{3EBFBF2E-4000-4A49-92EF-28294FB00B1A}.Debug|x64.Build.0 = Debug|Any CPU
		{3EBFBF2E-4000-4A49-92EF-28294FB00B1A}.Debug|x86.ActiveCfg = Debug|Any CPU
		{3EBFBF2E-4000-4A49-92EF-28294FB00B1A}.Debug|x86.Build.0 = Debug|Any CPU
		{3EBFBF2E-4000-4A49-92EF-28294FB00B1A}.Release|Any CPU.ActiveCfg = Release|Any CPU
		{3EBFBF2E-4000-4A49-92EF-28294FB00B1A}.Release|Any CPU.Build.0 = Release|Any CPU
		{3EBFBF2E-4000-4A49-92EF-28294FB00B1A}.Release|x64.ActiveCfg = Release|Any CPU
		{3EBFBF2E-4000-4A49-92EF-28294FB00B1A}.Release|x64.Build.0 = Release|Any CPU
		{3EBFBF2E-4000-4A49-92EF-28294FB00B1A}.Release|x86.ActiveCfg = Release|Any CPU
		{3EBFBF2E-4000-4A49-92EF-28294FB00B1A}.Release|x86.Build.0 = Release|Any CPU
		{984B838F-00EC-44D7-B67E-8AF7E5996F61}.Debug|Any CPU.ActiveCfg = Debug|Any CPU
		{984B838F-00EC-44D7-B67E-8AF7E5996F61}.Debug|Any CPU.Build.0 = Debug|Any CPU
		{984B838F-00EC-44D7-B67E-8AF7E5996F61}.Debug|x64.ActiveCfg = Debug|Any CPU
		{984B838F-00EC-44D7-B67E-8AF7E5996F61}.Debug|x64.Build.0 = Debug|Any CPU
		{984B838F-00EC-44D7-B67E-8AF7E5996F61}.Debug|x86.ActiveCfg = Debug|Any CPU
		{984B838F-00EC-44D7-B67E-8AF7E5996F61}.Debug|x86.Build.0 = Debug|Any CPU
		{984B838F-00EC-44D7-B67E-8AF7E5996F61}.Release|Any CPU.ActiveCfg = Release|Any CPU
		{984B838F-00EC-44D7-B67E-8AF7E5996F61}.Release|Any CPU.Build.0 = Release|Any CPU
		{984B838F-00EC-44D7-B67E-8AF7E5996F61}.Release|x64.ActiveCfg = Release|Any CPU
		{984B838F-00EC-44D7-B67E-8AF7E5996F61}.Release|x64.Build.0 = Release|Any CPU
		{984B838F-00EC-44D7-B67E-8AF7E5996F61}.Release|x86.ActiveCfg = Release|Any CPU
		{984B838F-00EC-44D7-B67E-8AF7E5996F61}.Release|x86.Build.0 = Release|Any CPU
		{353C8958-FDBE-4BAC-9AFB-43B4063D8977}.Debug|Any CPU.ActiveCfg = Debug|Any CPU
		{353C8958-FDBE-4BAC-9AFB-43B4063D8977}.Debug|Any CPU.Build.0 = Debug|Any CPU
		{353C8958-FDBE-4BAC-9AFB-43B4063D8977}.Debug|x64.ActiveCfg = Debug|Any CPU
		{353C8958-FDBE-4BAC-9AFB-43B4063D8977}.Debug|x64.Build.0 = Debug|Any CPU
		{353C8958-FDBE-4BAC-9AFB-43B4063D8977}.Debug|x86.ActiveCfg = Debug|Any CPU
		{353C8958-FDBE-4BAC-9AFB-43B4063D8977}.Debug|x86.Build.0 = Debug|Any CPU
		{353C8958-FDBE-4BAC-9AFB-43B4063D8977}.Release|Any CPU.ActiveCfg = Release|Any CPU
		{353C8958-FDBE-4BAC-9AFB-43B4063D8977}.Release|Any CPU.Build.0 = Release|Any CPU
		{353C8958-FDBE-4BAC-9AFB-43B4063D8977}.Release|x64.ActiveCfg = Release|Any CPU
		{353C8958-FDBE-4BAC-9AFB-43B4063D8977}.Release|x64.Build.0 = Release|Any CPU
		{353C8958-FDBE-4BAC-9AFB-43B4063D8977}.Release|x86.ActiveCfg = Release|Any CPU
		{353C8958-FDBE-4BAC-9AFB-43B4063D8977}.Release|x86.Build.0 = Release|Any CPU
	EndGlobalSection
	GlobalSection(SolutionProperties) = preSolution
		HideSolutionNode = FALSE
	EndGlobalSection
	GlobalSection(ExtensibilityGlobals) = postSolution
		SolutionGuid = {EC9ADCA0-AF9C-4DCA-971A-A96B676B5A8A}
	EndGlobalSection
EndGlobal
